
Microsoft Visual Studio Solution File, Format Version 12.00
# Visual Studio Version 16
VisualStudioVersion = 16.0.30621.155
MinimumVisualStudioVersion = 10.0.40219.1
Project("{FAE04EC0-301F-11D3-BF4B-00C04F79EFBC}") = "MovieStudioApi", "MovieStudioApi\MovieStudioApi.csproj", "{470AB27C-82F0-479D-B8F1-D8178DDAD955}"
EndProject
Project("{FAE04EC0-301F-11D3-BF4B-00C04F79EFBC}") = "MovieStudioApi.Tests", "MovieStudioApi.Tests\MovieStudioApi.Tests.csproj", "{3D298644-8F37-460F-A4D8-1234CD5BCF5F}"
EndProject
Global
	GlobalSection(SolutionConfigurationPlatforms) = preSolution
		Debug|Any CPU = Debug|Any CPU
		Release|Any CPU = Release|Any CPU
	EndGlobalSection
	GlobalSection(ProjectConfigurationPlatforms) = postSolution
		{470AB27C-82F0-479D-B8F1-D8178DDAD955}.Debug|Any CPU.ActiveCfg = Debug|Any CPU
		{470AB27C-82F0-479D-B8F1-D8178DDAD955}.Debug|Any CPU.Build.0 = Debug|Any CPU
		{470AB27C-82F0-479D-B8F1-D8178DDAD955}.Release|Any CPU.ActiveCfg = Release|Any CPU
		{470AB27C-82F0-479D-B8F1-D8178DDAD955}.Release|Any CPU.Build.0 = Release|Any CPU
		{3D298644-8F37-460F-A4D8-1234CD5BCF5F}.Debug|Any CPU.ActiveCfg = Debug|Any CPU
		{3D298644-8F37-460F-A4D8-1234CD5BCF5F}.Debug|Any CPU.Build.0 = Debug|Any CPU
		{3D298644-8F37-460F-A4D8-1234CD5BCF5F}.Release|Any CPU.ActiveCfg = Release|Any CPU
		{3D298644-8F37-460F-A4D8-1234CD5BCF5F}.Release|Any CPU.Build.0 = Release|Any CPU
	EndGlobalSection
	GlobalSection(SolutionProperties) = preSolution
		HideSolutionNode = FALSE
	EndGlobalSection
	GlobalSection(ExtensibilityGlobals) = postSolution
		SolutionGuid = {7144531E-478A-4EA2-98AD-57EC2B2E7AAB}
	EndGlobalSection
EndGlobal
